
Microsoft Visual Studio Solution File, Format Version 12.00
# Visual Studio Version 17
VisualStudioVersion = 17.0.31903.59
MinimumVisualStudioVersion = 10.0.40219.1
Project("{2150E333-8FDC-42A3-9474-1A3956D46DE8}") = "src", "src", "{F3C4152C-BF0E-43AB-AA6A-B6FA29E10BA4}"
EndProject
Project("{FAE04EC0-301F-11D3-BF4B-00C04F79EFBC}") = "EventsApi.Domain", "src\EventsApi.Domain\EventsApi.Domain.csproj", "{BD4FBB41-0B7A-491E-BB76-A18E9AEBF5ED}"
EndProject
Project("{FAE04EC0-301F-11D3-BF4B-00C04F79EFBC}") = "EventsApi.Application", "src\EventsApi.Application\EventsApi.Application.csproj", "{3E965FB8-B239-4B5B-9F5E-99E1DF54EAD7}"
EndProject
Project("{FAE04EC0-301F-11D3-BF4B-00C04F79EFBC}") = "EventsApi.Infrastructure", "src\EventsApi.Infrastructure\EventsApi.Infrastructure.csproj", "{95D5A08E-501F-4BDC-B8BA-0FD17890DEFF}"
EndProject
Project("{FAE04EC0-301F-11D3-BF4B-00C04F79EFBC}") = "EventsApi.Presentation", "src\EventsApi.Presentation\EventsApi.Presentation.csproj", "{D8FC19F8-31AE-4483-B380-14CDA578C2B3}"
EndProject
Project("{FAE04EC0-301F-11D3-BF4B-00C04F79EFBC}") = "EventsApi.Tests", "EventsApi.Tests\EventsApi.Tests.csproj", "{D506A297-6996-4A8B-900C-2B50E3A6CCE7}"
EndProject
Project("{FAE04EC0-301F-11D3-BF4B-00C04F79EFBC}") = "EventsApi.IntegrationTests", "EventsApi.IntegrationTests\EventsApi.IntegrationTests.csproj", "{4C194757-5007-4DDF-9F8F-9F93F48840EF}"
EndProject
Global
    GlobalSection(SolutionConfigurationPlatforms) = preSolution
        Debug|Any CPU = Debug|Any CPU
        Release|Any CPU = Release|Any CPU
    EndGlobalSection
    GlobalSection(SolutionProperties) = preSolution
        HideSolutionNode = FALSE
    EndGlobalSection
    GlobalSection(ProjectConfigurationPlatforms) = postSolution
        {BD4FBB41-0B7A-491E-BB76-A18E9AEBF5ED}.Debug|Any CPU.ActiveCfg = Debug|Any CPU
        {BD4FBB41-0B7A-491E-BB76-A18E9AEBF5ED}.Debug|Any CPU.Build.0 = Debug|Any CPU
        {BD4FBB41-0B7A-491E-BB76-A18E9AEBF5ED}.Release|Any CPU.ActiveCfg = Release|Any CPU
        {BD4FBB41-0B7A-491E-BB76-A18E9AEBF5ED}.Release|Any CPU.Build.0 = Release|Any CPU
        {3E965FB8-B239-4B5B-9F5E-99E1DF54EAD7}.Debug|Any CPU.ActiveCfg = Debug|Any CPU
        {3E965FB8-B239-4B5B-9F5E-99E1DF54EAD7}.Debug|Any CPU.Build.0 = Debug|Any CPU
        {3E965FB8-B239-4B5B-9F5E-99E1DF54EAD7}.Release|Any CPU.ActiveCfg = Release|Any CPU
        {3E965FB8-B239-4B5B-9F5E-99E1DF54EAD7}.Release|Any CPU.Build.0 = Release|Any CPU
        {95D5A08E-501F-4BDC-B8BA-0FD17890DEFF}.Debug|Any CPU.ActiveCfg = Debug|Any CPU
        {95D5A08E-501F-4BDC-B8BA-0FD17890DEFF}.Debug|Any CPU.Build.0 = Debug|Any CPU
        {95D5A08E-501F-4BDC-B8BA-0FD17890DEFF}.Release|Any CPU.ActiveCfg = Release|Any CPU
        {95D5A08E-501F-4BDC-B8BA-0FD17890DEFF}.Release|Any CPU.Build.0 = Release|Any CPU
        {D8FC19F8-31AE-4483-B380-14CDA578C2B3}.Debug|Any CPU.ActiveCfg = Debug|Any CPU
        {D8FC19F8-31AE-4483-B380-14CDA578C2B3}.Debug|Any CPU.Build.0 = Debug|Any CPU
        {D8FC19F8-31AE-4483-B380-14CDA578C2B3}.Release|Any CPU.ActiveCfg = Release|Any CPU
        {D8FC19F8-31AE-4483-B380-14CDA578C2B3}.Release|Any CPU.Build.0 = Release|Any CPU
        {D506A297-6996-4A8B-900C-2B50E3A6CCE7}.Debug|Any CPU.ActiveCfg = Debug|Any CPU
        {D506A297-6996-4A8B-900C-2B50E3A6CCE7}.Debug|Any CPU.Build.0 = Debug|Any CPU
        {D506A297-6996-4A8B-900C-2B50E3A6CCE7}.Release|Any CPU.ActiveCfg = Release|Any CPU
        {D506A297-6996-4A8B-900C-2B50E3A6CCE7}.Release|Any CPU.Build.0 = Release|Any CPU
        {4C194757-5007-4DDF-9F8F-9F93F48840EF}.Debug|Any CPU.ActiveCfg = Debug|Any CPU
        {4C194757-5007-4DDF-9F8F-9F93F48840EF}.Debug|Any CPU.Build.0 = Debug|Any CPU
        {4C194757-5007-4DDF-9F8F-9F93F48840EF}.Release|Any CPU.ActiveCfg = Release|Any CPU
        {4C194757-5007-4DDF-9F8F-9F93F48840EF}.Release|Any CPU.Build.0 = Release|Any CPU
    EndGlobalSection
    GlobalSection(NestedProjects) = preSolution
        {BD4FBB41-0B7A-491E-BB76-A18E9AEBF5ED} = {F3C4152C-BF0E-43AB-AA6A-B6FA29E10BA4}
        {3E965FB8-B239-4B5B-9F5E-99E1DF54EAD7} = {F3C4152C-BF0E-43AB-AA6A-B6FA29E10BA4}
        {95D5A08E-501F-4BDC-B8BA-0FD17890DEFF} = {F3C4152C-BF0E-43AB-AA6A-B6FA29E10BA4}
        {D8FC19F8-31AE-4483-B380-14CDA578C2B3} = {F3C4152C-BF0E-43AB-AA6A-B6FA29E10BA4}
    EndGlobalSection
EndGlobal
